
Microsoft Visual Studio Solution File, Format Version 12.00
# Visual Studio Version 17
VisualStudioVersion = 17.4.33103.184
MinimumVisualStudioVersion = 10.0.40219.1
Project("{FAE04EC0-301F-11D3-BF4B-00C04F79EFBC}") = "miguDecrypt", "miguDecrypt\miguDecrypt.csproj", "{3857B460-370D-4533-99AC-B1D800020E7D}"
EndProject
Global
	GlobalSection(SolutionConfigurationPlatforms) = preSolution
		Debug|Any CPU = Debug|Any CPU
		Release|Any CPU = Release|Any CPU
	EndGlobalSection
	GlobalSection(ProjectConfigurationPlatforms) = postSolution
		{3857B460-370D-4533-99AC-B1D800020E7D}.Debug|Any CPU.ActiveCfg = Debug|Any CPU
		{3857B460-370D-4533-99AC-B1D800020E7D}.Debug|Any CPU.Build.0 = Debug|Any CPU
		{3857B460-370D-4533-99AC-B1D800020E7D}.Release|Any CPU.ActiveCfg = Release|Any CPU
		{3857B460-370D-4533-99AC-B1D800020E7D}.Release|Any CPU.Build.0 = Release|Any CPU
	EndGlobalSection
	GlobalSection(SolutionProperties) = preSolution
		HideSolutionNode = FALSE
	EndGlobalSection
	GlobalSection(ExtensibilityGlobals) = postSolution
		SolutionGuid = {4BD91739-BFA9-4F2B-BED0-8CC91998E48E}
	EndGlobalSection
EndGlobal
